// !$*UTF8*$!
{
	archiveVersion = 1;
	classes = {
	};
	objectVersion = 50;
	objects = {

/* Begin PBXGroup section */
		4E5F2F66276308B400EA1F36 = {
			isa = PBXGroup;
			children = (
			);
			sourceTree = "<group>";
		};
/* End PBXGroup section */

/* Begin PBXProject section */
		4E5F2F67276308B400EA1F36 /* Project object */ = {
			isa = PBXProject;
			attributes = {
				LastUpgradeCheck = 1240;
			};
			buildConfigurationList = 4E5F2F6A276308B400EA1F36 /* Build configuration list for PBXProject "iqramunjoreen" */;
			compatibilityVersion = "Xcode 9.3";
			developmentRegion = en;
			hasScannedForEncodings = 0;
			knownRegions = (
				en,
				Base,
			);
			mainGroup = 4E5F2F66276308B400EA1F36;
			projectDirPath = "";
			projectRoot = "";
			targets = (
			);
		};
/* End PBXProject section */

/* Begin XCBuildConfiguration section */
		4E5F2F6B276308B400EA1F36 /* Debug */ = {
			isa = XCBuildConfiguration;
			buildSettings = {
			};
			name = Debug;
		};
		4E5F2F6C276308B400EA1F36 /* Release */ = {
			isa = XCBuildConfiguration;
			buildSettings = {
			};
			name = Release;
		};
/* End XCBuildConfiguration section */

/* Begin XCConfigurationList section */
		4E5F2F6A276308B400EA1F36 /* Build configuration list for PBXProject "iqramunjoreen" */ = {
			isa = XCConfigurationList;
			buildConfigurations = (
				4E5F2F6B276308B400EA1F36 /* Debug */,
				4E5F2F6C276308B400EA1F36 /* Release */,
			);
			defaultConfigurationIsVisible = 0;
			defaultConfigurationName = Release;
		};
/* End XCConfigurationList section */
	};
	rootObject = 4E5F2F67276308B400EA1F36 /* Project object */;
}
